
Microsoft Visual Studio Solution File, Format Version 12.00
# Visual Studio Version 17
VisualStudioVersion = 17.5.33414.496
MinimumVisualStudioVersion = 10.0.40219.1
Project("{9A19103F-16F7-4668-BE54-9A1E7A4F7556}") = "FlaskSharp", "FlaskSharp\FlaskSharp.csproj", "{56E394FE-85C6-4DD9-A4A4-F9D3E1B6CDA5}"
EndProject
Project("{9A19103F-16F7-4668-BE54-9A1E7A4F7556}") = "TestConsole", "TestConsole\TestConsole.csproj", "{4BC97BAD-380D-418D-B98E-6BEC8E545136}"
EndProject
Project("{2150E333-8FDC-42A3-9474-1A3956D46DE8}") = "Solution Items", "Solution Items", "{3EABA08D-5169-46C1-893E-7889D1BA81B6}"
	ProjectSection(SolutionItems) = preProject
		README.md = README.md
	EndProjectSection
EndProject
Global
	GlobalSection(SolutionConfigurationPlatforms) = preSolution
		Debug|Any CPU = Debug|Any CPU
		Release|Any CPU = Release|Any CPU
	EndGlobalSection
	GlobalSection(ProjectConfigurationPlatforms) = postSolution
		{56E394FE-85C6-4DD9-A4A4-F9D3E1B6CDA5}.Debug|Any CPU.ActiveCfg = Debug|Any CPU
		{56E394FE-85C6-4DD9-A4A4-F9D3E1B6CDA5}.Debug|Any CPU.Build.0 = Debug|Any CPU
		{56E394FE-85C6-4DD9-A4A4-F9D3E1B6CDA5}.Release|Any CPU.ActiveCfg = Release|Any CPU
		{56E394FE-85C6-4DD9-A4A4-F9D3E1B6CDA5}.Release|Any CPU.Build.0 = Release|Any CPU
		{4BC97BAD-380D-418D-B98E-6BEC8E545136}.Debug|Any CPU.ActiveCfg = Debug|Any CPU
		{4BC97BAD-380D-418D-B98E-6BEC8E545136}.Debug|Any CPU.Build.0 = Debug|Any CPU
		{4BC97BAD-380D-418D-B98E-6BEC8E545136}.Release|Any CPU.ActiveCfg = Release|Any CPU
		{4BC97BAD-380D-418D-B98E-6BEC8E545136}.Release|Any CPU.Build.0 = Release|Any CPU
	EndGlobalSection
	GlobalSection(SolutionProperties) = preSolution
		HideSolutionNode = FALSE
	EndGlobalSection
	GlobalSection(ExtensibilityGlobals) = postSolution
		SolutionGuid = {631F7853-6818-44FA-82FE-A060BDE85AD0}
	EndGlobalSection
EndGlobal
